
Microsoft Visual Studio Solution File, Format Version 12.00
# Visual Studio Version 17
VisualStudioVersion = 17.7.34031.279
MinimumVisualStudioVersion = 10.0.40219.1
Project("{FAE04EC0-301F-11D3-BF4B-00C04F79EFBC}") = "UTMO.Text.FileGenerator", "UTMO.Text.FileGenerator\UTMO.Text.FileGenerator.csproj", "{E010CB38-01BB-454F-80B0-6B2F72F4226D}"
EndProject
Project("{FAE04EC0-301F-11D3-BF4B-00C04F79EFBC}") = "UTMO.Text.FileGenerator.Abstract", "UTMO.Text.FileGenerator.Abstract\UTMO.Text.FileGenerator.Abstract.csproj", "{868F9DF8-E618-4677-B7D7-A129CA531B1B}"
EndProject
Project("{2150E333-8FDC-42A3-9474-1A3956D46DE8}") = ".Pipelines", ".Pipelines", "{C174C66D-3684-4A3F-A41D-97583A00A8B0}"
	ProjectSection(SolutionItems) = preProject
		..\.pipelines\UTMO.Text.FileGenerator-Official.yml = ..\.pipelines\UTMO.Text.FileGenerator-Official.yml
		..\.pipelines\UTMO.Text.FileGenerator-Release.yml = ..\.pipelines\UTMO.Text.FileGenerator-Release.yml
		..\.pipelines\UTMO.Text.FileGenerator.PipelinePlugin.ScriptRunner-Official.yml = ..\.pipelines\UTMO.Text.FileGenerator.PipelinePlugin.ScriptRunner-Official.yml
		..\.pipelines\UTMO.Text.FileGenerator.PipelinePlugin.ScriptRunner-Release.yml = ..\.pipelines\UTMO.Text.FileGenerator.PipelinePlugin.ScriptRunner-Release.yml
		..\.pipelines\UTMO.Text.FileGenerator.RendererPlugin.ScriptRunner-Official.yml = ..\.pipelines\UTMO.Text.FileGenerator.RendererPlugin.ScriptRunner-Official.yml
		..\.pipelines\UTMO.Text.FileGenerator.RendererPlugin.ScriptRunner-Release.yml = ..\.pipelines\UTMO.Text.FileGenerator.RendererPlugin.ScriptRunner-Release.yml
	EndProjectSection
EndProject
EndProject
Project("{FAE04EC0-301F-11D3-BF4B-00C04F79EFBC}") = "UTMO.Text.FileGenerator.Writer", "UTMO.Text.FileGenerator.Writer\UTMO.Text.FileGenerator.Writer.csproj", "{9C022765-A960-4341-971C-E17D0886D13B}"
EndProject
Project("{2150E333-8FDC-42A3-9474-1A3956D46DE8}") = "ProjectMetadata", "ProjectMetadata", "{402E8C8C-C95B-4CB7-A329-18551B4F893D}"
	ProjectSection(SolutionItems) = preProject
		nuget.config = nuget.config
		..\.gitignore = ..\.gitignore
	EndProjectSection
EndProject
Project("{2150E333-8FDC-42A3-9474-1A3956D46DE8}") = "Plugins", "Plugins", "{DB638073-615F-4BC9-9707-E6E2B288218F}"
EndProject
Project("{2150E333-8FDC-42A3-9474-1A3956D46DE8}") = "Renderer", "Renderer", "{6DB85811-2A45-4342-8EA7-EDA60B37047E}"
EndProject
Project("{2150E333-8FDC-42A3-9474-1A3956D46DE8}") = "Pipeline", "Pipeline", "{6EA8C5B2-01F2-4D15-AF5F-B42D6321A81D}"
EndProject
Project("{FAE04EC0-301F-11D3-BF4B-00C04F79EFBC}") = "UTMO.Text.FileGenerator.RendererPlugin.ScriptRunner", "UTMO.Text.FileGenerator.RendererPlugin.ScriptRunner\UTMO.Text.FileGenerator.RendererPlugin.ScriptRunner.csproj", "{D2A04023-F38A-45CB-8B9C-6673AD7BDFC2}"
EndProject
Project("{FAE04EC0-301F-11D3-BF4B-00C04F79EFBC}") = "UTMO.Text.FileGenerator.PipelinePlugin.ScriptRunner", "UTMO.Text.FileGenerator.PipelinePlugin.ScriptRunner\UTMO.Text.FileGenerator.PipelinePlugin.ScriptRunner.csproj", "{69EFA514-4D66-4C39-AB5B-6D654877A1BF}"
EndProject
Project("{FAE04EC0-301F-11D3-BF4B-00C04F79EFBC}") = "UTMO.Text.FileGenerator.Logging", "UTMO.Text.FileGenerator.Logging\UTMO.Text.FileGenerator.Logging.csproj", "{08A021B5-283F-46D4-BE14-FDE9E98A1657}"
EndProject
Global
	GlobalSection(SolutionConfigurationPlatforms) = preSolution
		Debug|Any CPU = Debug|Any CPU
		Release|Any CPU = Release|Any CPU
	EndGlobalSection
	GlobalSection(ProjectConfigurationPlatforms) = postSolution
		{E010CB38-01BB-454F-80B0-6B2F72F4226D}.Debug|Any CPU.ActiveCfg = Debug|Any CPU
		{E010CB38-01BB-454F-80B0-6B2F72F4226D}.Debug|Any CPU.Build.0 = Debug|Any CPU
		{E010CB38-01BB-454F-80B0-6B2F72F4226D}.Release|Any CPU.ActiveCfg = Release|Any CPU
		{E010CB38-01BB-454F-80B0-6B2F72F4226D}.Release|Any CPU.Build.0 = Release|Any CPU
		{868F9DF8-E618-4677-B7D7-A129CA531B1B}.Debug|Any CPU.ActiveCfg = Debug|Any CPU
		{868F9DF8-E618-4677-B7D7-A129CA531B1B}.Debug|Any CPU.Build.0 = Debug|Any CPU
		{868F9DF8-E618-4677-B7D7-A129CA531B1B}.Release|Any CPU.ActiveCfg = Release|Any CPU
		{868F9DF8-E618-4677-B7D7-A129CA531B1B}.Release|Any CPU.Build.0 = Release|Any CPU
		{1F6F9C27-ACD6-4269-B60A-774F72D08E1E}.Debug|Any CPU.ActiveCfg = Debug|Any CPU
		{1F6F9C27-ACD6-4269-B60A-774F72D08E1E}.Debug|Any CPU.Build.0 = Debug|Any CPU
		{1F6F9C27-ACD6-4269-B60A-774F72D08E1E}.Release|Any CPU.ActiveCfg = Release|Any CPU
		{1F6F9C27-ACD6-4269-B60A-774F72D08E1E}.Release|Any CPU.Build.0 = Release|Any CPU
		{9C022765-A960-4341-971C-E17D0886D13B}.Debug|Any CPU.ActiveCfg = Debug|Any CPU
		{9C022765-A960-4341-971C-E17D0886D13B}.Debug|Any CPU.Build.0 = Debug|Any CPU
		{9C022765-A960-4341-971C-E17D0886D13B}.Release|Any CPU.ActiveCfg = Release|Any CPU
		{9C022765-A960-4341-971C-E17D0886D13B}.Release|Any CPU.Build.0 = Release|Any CPU
		{D2A04023-F38A-45CB-8B9C-6673AD7BDFC2}.Debug|Any CPU.ActiveCfg = Debug|Any CPU
		{D2A04023-F38A-45CB-8B9C-6673AD7BDFC2}.Debug|Any CPU.Build.0 = Debug|Any CPU
		{D2A04023-F38A-45CB-8B9C-6673AD7BDFC2}.Release|Any CPU.ActiveCfg = Release|Any CPU
		{D2A04023-F38A-45CB-8B9C-6673AD7BDFC2}.Release|Any CPU.Build.0 = Release|Any CPU
		{69EFA514-4D66-4C39-AB5B-6D654877A1BF}.Debug|Any CPU.ActiveCfg = Debug|Any CPU
		{69EFA514-4D66-4C39-AB5B-6D654877A1BF}.Debug|Any CPU.Build.0 = Debug|Any CPU
		{69EFA514-4D66-4C39-AB5B-6D654877A1BF}.Release|Any CPU.ActiveCfg = Release|Any CPU
		{69EFA514-4D66-4C39-AB5B-6D654877A1BF}.Release|Any CPU.Build.0 = Release|Any CPU
		{08A021B5-283F-46D4-BE14-FDE9E98A1657}.Debug|Any CPU.ActiveCfg = Debug|Any CPU
		{08A021B5-283F-46D4-BE14-FDE9E98A1657}.Debug|Any CPU.Build.0 = Debug|Any CPU
		{08A021B5-283F-46D4-BE14-FDE9E98A1657}.Release|Any CPU.ActiveCfg = Release|Any CPU
		{08A021B5-283F-46D4-BE14-FDE9E98A1657}.Release|Any CPU.Build.0 = Release|Any CPU
	EndGlobalSection
	GlobalSection(SolutionProperties) = preSolution
		HideSolutionNode = FALSE
	EndGlobalSection
	GlobalSection(ExtensibilityGlobals) = postSolution
		SolutionGuid = {000C3046-1381-4179-84A9-8BA91E839204}
	EndGlobalSection
	GlobalSection(NestedProjects) = preSolution
		{1F6F9C27-ACD6-4269-B60A-774F72D08E1E} = {8B8B3AA0-9D4C-4627-9440-36362F9B889B}
		{6DB85811-2A45-4342-8EA7-EDA60B37047E} = {DB638073-615F-4BC9-9707-E6E2B288218F}
		{6EA8C5B2-01F2-4D15-AF5F-B42D6321A81D} = {DB638073-615F-4BC9-9707-E6E2B288218F}
		{D2A04023-F38A-45CB-8B9C-6673AD7BDFC2} = {6DB85811-2A45-4342-8EA7-EDA60B37047E}
		{69EFA514-4D66-4C39-AB5B-6D654877A1BF} = {6EA8C5B2-01F2-4D15-AF5F-B42D6321A81D}
	EndGlobalSection
EndGlobal
